
Microsoft Visual Studio Solution File, Format Version 12.00
# Visual Studio 15
VisualStudioVersion = 15.0.26730.15
MinimumVisualStudioVersion = 10.0.40219.1
Project("{FAE04EC0-301F-11D3-BF4B-00C04F79EFBC}") = "testSimpleTCP1Cannal", "testSimpleTCP1Cannal\testSimpleTCP1Cannal.csproj", "{27B5BA26-8C63-4F3B-93A1-F1828939442B}"
EndProject
Global
	GlobalSection(SolutionConfigurationPlatforms) = preSolution
		Debug|Any CPU = Debug|Any CPU
		Release|Any CPU = Release|Any CPU
	EndGlobalSection
	GlobalSection(ProjectConfigurationPlatforms) = postSolution
		{27B5BA26-8C63-4F3B-93A1-F1828939442B}.Debug|Any CPU.ActiveCfg = Debug|Any CPU
		{27B5BA26-8C63-4F3B-93A1-F1828939442B}.Debug|Any CPU.Build.0 = Debug|Any CPU
		{27B5BA26-8C63-4F3B-93A1-F1828939442B}.Release|Any CPU.ActiveCfg = Release|Any CPU
		{27B5BA26-8C63-4F3B-93A1-F1828939442B}.Release|Any CPU.Build.0 = Release|Any CPU
	EndGlobalSection
	GlobalSection(SolutionProperties) = preSolution
		HideSolutionNode = FALSE
	EndGlobalSection
	GlobalSection(ExtensibilityGlobals) = postSolution
		SolutionGuid = {98A93A35-D7D7-4DC6-9B33-974C8C95DC0A}
	EndGlobalSection
EndGlobal
